
Microsoft Visual Studio Solution File, Format Version 12.00
# Visual Studio Version 17
VisualStudioVersion = 17.11.35327.3
MinimumVisualStudioVersion = 10.0.40219.1
Project("{8BC9CEB8-8B4A-11D0-8D11-00A0C91BC942}") = "KR1", "KR1.vcxproj", "{958A0DE9-B091-4EE4-8C6A-B14BE542A396}"
EndProject
Global
	GlobalSection(SolutionConfigurationPlatforms) = preSolution
		Debug|x64 = Debug|x64
		Debug|x86 = Debug|x86
		Release|x64 = Release|x64
		Release|x86 = Release|x86
	EndGlobalSection
	GlobalSection(ProjectConfigurationPlatforms) = postSolution
		{958A0DE9-B091-4EE4-8C6A-B14BE542A396}.Debug|x64.ActiveCfg = Debug|x64
		{958A0DE9-B091-4EE4-8C6A-B14BE542A396}.Debug|x64.Build.0 = Debug|x64
		{958A0DE9-B091-4EE4-8C6A-B14BE542A396}.Debug|x86.ActiveCfg = Debug|Win32
		{958A0DE9-B091-4EE4-8C6A-B14BE542A396}.Debug|x86.Build.0 = Debug|Win32
		{958A0DE9-B091-4EE4-8C6A-B14BE542A396}.Release|x64.ActiveCfg = Release|x64
		{958A0DE9-B091-4EE4-8C6A-B14BE542A396}.Release|x64.Build.0 = Release|x64
		{958A0DE9-B091-4EE4-8C6A-B14BE542A396}.Release|x86.ActiveCfg = Release|Win32
		{958A0DE9-B091-4EE4-8C6A-B14BE542A396}.Release|x86.Build.0 = Release|Win32
	EndGlobalSection
	GlobalSection(SolutionProperties) = preSolution
		HideSolutionNode = FALSE
	EndGlobalSection
	GlobalSection(ExtensibilityGlobals) = postSolution
		SolutionGuid = {8C0E34EB-CFC2-45A1-A641-E5F9DBB017F6}
	EndGlobalSection
EndGlobal
